<?xml version="1.0" encoding="utf-8"?>
<Project ToolsVersion="4.0" xmlns="http://schemas.microsoft.com/developer/msbuild/2003">
  <ItemGroup>
    <Filter Include="Source Files">
      <UniqueIdentifier>{4FC737F1-C7A5-4376-A066-2A32D752A2FF}</UniqueIdentifier>
      <Extensions>cpp;c;cc;cxx;def;odl;idl;hpj;bat;asm;asmx</Extensions>
    </Filter>
    <Filter Include="Header Files">
      <UniqueIdentifier>{93995380-89BD-4b04-88EB-625FBE52EBFB}</UniqueIdentifier>
      <Extensions>h;hh;hpp;hxx;hm;inl;inc;xsd</Extensions>
    </Filter>
    <Filter Include="Resource Files">
      <UniqueIdentifier>{67DA6AB6-F800-4c08-8B7A-83BB121AAD01}</UniqueIdentifier>
      <Extensions>rc;ico;cur;bmp;dlg;rc2;rct;bin;rgs;gif;jpg;jpeg;jpe;resx;tiff;tif;png;wav;mfcribbon-ms</Extensions>
    </Filter>
    <Filter Include="Sensor">
      <UniqueIdentifier>{22df9db7-2ffa-44a7-9c47-97dce0a35007}</UniqueIdentifier>
    </Filter>
    <Filter Include="Sensor\Cam">
      <UniqueIdentifier>{2a8a9d01-8260-4bf8-9899-6ed51b93f9e0}</UniqueIdentifier>
    </Filter>
    <Filter Include="Sensor\Pro">
      <UniqueIdentifier>{6cfe7afb-3736-4ad1-b083-48a09ac73224}</UniqueIdentifier>
    </Filter>
    <Filter Include="Decoder">
      <UniqueIdentifier>{7c36ae71-0cb7-4603-829b-3ac07949edd2}</UniqueIdentifier>
    </Filter>
  </ItemGroup>
  <ItemGroup>
    <ClCompile Include="Sensor\cam_manager.cpp">
      <Filter>Sensor\Cam</Filter>
    </ClCompile>
    <ClCompile Include="Sensor\pro_manager.cpp">
      <Filter>Sensor\Pro</Filter>
    </ClCompile>
    <ClCompile Include="Support\storage_mod.cpp">
      <Filter>Source Files</Filter>
    </ClCompile>
    <ClCompile Include="Support\visual_mod.cpp">
      <Filter>Source Files</Filter>
    </ClCompile>
    <ClCompile Include="data_collector.cpp">
      <Filter>Source Files</Filter>
    </ClCompile>
    <ClCompile Include="global_fun.cpp">
      <Filter>Source Files</Filter>
    </ClCompile>
    <ClCompile Include="main.cpp">
      <Filter>Source Files</Filter>
    </ClCompile>
    <ClCompile Include="static_para.cpp">
      <Filter>Source Files</Filter>
    </ClCompile>
    <ClCompile Include="Decoder\gray_decoder.cpp">
      <Filter>Source Files</Filter>
    </ClCompile>
    <ClCompile Include="Decoder\phase_decoder.cpp">
      <Filter>Source Files</Filter>
    </ClCompile>
    <ClCompile Include="Sensor\sensor_manager.cpp">
      <Filter>Source Files</Filter>
    </ClCompile>
  </ItemGroup>
  <ItemGroup>
    <ClInclude Include="Sensor\cam_manager.h">
      <Filter>Sensor\Cam</Filter>
    </ClInclude>
    <ClInclude Include="Sensor\pro_manager.h">
      <Filter>Sensor\Pro</Filter>
    </ClInclude>
    <ClInclude Include="Support\visual_mod.h">
      <Filter>Header Files</Filter>
    </ClInclude>
    <ClInclude Include="Support\storage_mod.h">
      <Filter>Header Files</Filter>
    </ClInclude>
    <ClInclude Include="data_collector.h">
      <Filter>Header Files</Filter>
    </ClInclude>
    <ClInclude Include="global_fun.h">
      <Filter>Header Files</Filter>
    </ClInclude>
    <ClInclude Include="static_para.h">
      <Filter>Header Files</Filter>
    </ClInclude>
    <ClInclude Include="Decoder\gray_decoder.h">
      <Filter>Header Files</Filter>
    </ClInclude>
    <ClInclude Include="Decoder\phase_decoder.h">
      <Filter>Header Files</Filter>
    </ClInclude>
    <ClInclude Include="Sensor\sensor_manager.h">
      <Filter>Header Files</Filter>
    </ClInclude>
  </ItemGroup>
  <ItemGroup>
    <None Include="opencv_world341.dll" />
    <None Include="opencv_world341d.dll" />
  </ItemGroup>
</Project>